
Microsoft Visual Studio Solution File, Format Version 12.00
# Visual Studio Version 16
VisualStudioVersion = 16.0.809.2
MinimumVisualStudioVersion = 10.0.40219.1
Project("{FAE04EC0-301F-11D3-BF4B-00C04F79EFBC}") = "projetZombie", "projetZombie\projetZombie.csproj", "{FCF9F117-2A58-4F98-87F3-481166E80AC4}"
EndProject
Global
	GlobalSection(SolutionConfigurationPlatforms) = preSolution
		Debug|Any CPU = Debug|Any CPU
		Release|Any CPU = Release|Any CPU
	EndGlobalSection
	GlobalSection(ProjectConfigurationPlatforms) = postSolution
		{FCF9F117-2A58-4F98-87F3-481166E80AC4}.Debug|Any CPU.ActiveCfg = Debug|Any CPU
		{FCF9F117-2A58-4F98-87F3-481166E80AC4}.Debug|Any CPU.Build.0 = Debug|Any CPU
		{FCF9F117-2A58-4F98-87F3-481166E80AC4}.Release|Any CPU.ActiveCfg = Release|Any CPU
		{FCF9F117-2A58-4F98-87F3-481166E80AC4}.Release|Any CPU.Build.0 = Release|Any CPU
	EndGlobalSection
	GlobalSection(SolutionProperties) = preSolution
		HideSolutionNode = FALSE
	EndGlobalSection
	GlobalSection(ExtensibilityGlobals) = postSolution
		SolutionGuid = {F3301587-F060-4575-9AA9-3706DC7D220C}
	EndGlobalSection
EndGlobal
